
Microsoft Visual Studio Solution File, Format Version 12.00
# Visual Studio 15
VisualStudioVersion = 15.0.28307.271
MinimumVisualStudioVersion = 10.0.40219.1
Project("{FAE04EC0-301F-11D3-BF4B-00C04F79EFBC}") = "Iterator", "Iterator\Iterator.csproj", "{509B2F3A-5E14-4616-8A89-DB75BB7945CF}"
EndProject
Project("{FAE04EC0-301F-11D3-BF4B-00C04F79EFBC}") = "IteratorExercise", "IteratorExercise\IteratorExercise.csproj", "{A81F47E4-3DAF-4E6E-B339-86CACDABD3E3}"
EndProject
Global
	GlobalSection(SolutionConfigurationPlatforms) = preSolution
		Debug|Any CPU = Debug|Any CPU
		Release|Any CPU = Release|Any CPU
	EndGlobalSection
	GlobalSection(ProjectConfigurationPlatforms) = postSolution
		{509B2F3A-5E14-4616-8A89-DB75BB7945CF}.Debug|Any CPU.ActiveCfg = Debug|Any CPU
		{509B2F3A-5E14-4616-8A89-DB75BB7945CF}.Debug|Any CPU.Build.0 = Debug|Any CPU
		{509B2F3A-5E14-4616-8A89-DB75BB7945CF}.Release|Any CPU.ActiveCfg = Release|Any CPU
		{509B2F3A-5E14-4616-8A89-DB75BB7945CF}.Release|Any CPU.Build.0 = Release|Any CPU
		{A81F47E4-3DAF-4E6E-B339-86CACDABD3E3}.Debug|Any CPU.ActiveCfg = Debug|Any CPU
		{A81F47E4-3DAF-4E6E-B339-86CACDABD3E3}.Debug|Any CPU.Build.0 = Debug|Any CPU
		{A81F47E4-3DAF-4E6E-B339-86CACDABD3E3}.Release|Any CPU.ActiveCfg = Release|Any CPU
		{A81F47E4-3DAF-4E6E-B339-86CACDABD3E3}.Release|Any CPU.Build.0 = Release|Any CPU
	EndGlobalSection
	GlobalSection(SolutionProperties) = preSolution
		HideSolutionNode = FALSE
	EndGlobalSection
	GlobalSection(ExtensibilityGlobals) = postSolution
		SolutionGuid = {3FB42E5E-0072-4B99-97E2-8D1A5F88BAC3}
	EndGlobalSection
EndGlobal
