
Microsoft Visual Studio Solution File, Format Version 12.00
# Visual Studio 15
VisualStudioVersion = 15.0.28307.271
MinimumVisualStudioVersion = 10.0.40219.1
Project("{FAE04EC0-301F-11D3-BF4B-00C04F79EFBC}") = "Iterator", "Iterator\Iterator.csproj", "{A66D3EA9-0203-46B9-AC8D-194833C77E8D}"
EndProject
Project("{2150E333-8FDC-42A3-9474-1A3956D46DE8}") = "Common", "Common", "{761E82AE-CC01-4A20-9899-32E4CFC88E42}"
EndProject
Project("{FAE04EC0-301F-11D3-BF4B-00C04F79EFBC}") = "Common", "Common\Common.csproj", "{C22F4C7A-FB95-488E-9668-60278730DE08}"
EndProject
Project("{FAE04EC0-301F-11D3-BF4B-00C04F79EFBC}") = "Adapter", "Adapter\Adapter.csproj", "{590D7E78-0D0E-4FAF-A958-CEDDF5D6F990}"
EndProject
Project("{FAE04EC0-301F-11D3-BF4B-00C04F79EFBC}") = "TemplateMethod", "TemplateMethod\TemplateMethod.csproj", "{80044C8A-77F4-4F52-A12D-CF0F6A523950}"
EndProject
Project("{FAE04EC0-301F-11D3-BF4B-00C04F79EFBC}") = "FactoryMethod", "FactoryMethod\FactoryMethod.csproj", "{A04B4134-09B7-4376-8509-74183F279754}"
EndProject
Project("{FAE04EC0-301F-11D3-BF4B-00C04F79EFBC}") = "Singleton", "Singleton\Singleton.csproj", "{155F376C-C0DD-4858-9B27-E044D3375BFD}"
EndProject
Project("{FAE04EC0-301F-11D3-BF4B-00C04F79EFBC}") = "Prototype", "Prototype\Prototype.csproj", "{7392E4E1-F406-4A0F-9E64-6A2A23AA6A00}"
EndProject
Project("{FAE04EC0-301F-11D3-BF4B-00C04F79EFBC}") = "Builder", "Builder\Builder.csproj", "{1DE446BF-2B8D-472A-A7E0-03EED227C27C}"
EndProject
Project("{FAE04EC0-301F-11D3-BF4B-00C04F79EFBC}") = "AbstractFactory", "AbstractFactory\AbstractFactory.csproj", "{AE7B2321-E37C-476F-AC58-28AFB888E816}"
EndProject
Project("{FAE04EC0-301F-11D3-BF4B-00C04F79EFBC}") = "Bridge", "Bridge\Bridge.csproj", "{6A141002-526E-44F7-BD42-794A7FABAF89}"
EndProject
Project("{FAE04EC0-301F-11D3-BF4B-00C04F79EFBC}") = "Strategy", "Strategy\Strategy.csproj", "{C1654099-D08C-41DF-AEB6-1C86683C5BDA}"
EndProject
Project("{FAE04EC0-301F-11D3-BF4B-00C04F79EFBC}") = "Composite", "Composite\Composite.csproj", "{660F2F85-A412-40D7-8AD0-82C2BA6180BC}"
EndProject
Project("{FAE04EC0-301F-11D3-BF4B-00C04F79EFBC}") = "Decorator", "Decorator\Decorator.csproj", "{6255CCA6-34DC-4A51-9D37-7B4E05FEE0E3}"
EndProject
Project("{FAE04EC0-301F-11D3-BF4B-00C04F79EFBC}") = "Visitor", "Visitor\Visitor.csproj", "{CE38260B-97F5-4401-B7EB-4BAEB3E1D09F}"
EndProject
Project("{FAE04EC0-301F-11D3-BF4B-00C04F79EFBC}") = "ChainOfResponsibility", "ChainOfResponsibility\ChainOfResponsibility.csproj", "{DA48F41D-C7D1-4099-BB9A-F0B482B558CC}"
EndProject
Project("{FAE04EC0-301F-11D3-BF4B-00C04F79EFBC}") = "Facade", "Facade\Facade.csproj", "{93230430-8477-44D8-9B3A-334FE21A7904}"
EndProject
Project("{FAE04EC0-301F-11D3-BF4B-00C04F79EFBC}") = "Mediator", "Mediator\Mediator.csproj", "{F8B1959A-2691-42A5-A10B-BF773D870E49}"
EndProject
Project("{FAE04EC0-301F-11D3-BF4B-00C04F79EFBC}") = "Observer", "Observer\Observer.csproj", "{CD8B461A-49E5-4306-922A-E854B349A33D}"
EndProject
Project("{FAE04EC0-301F-11D3-BF4B-00C04F79EFBC}") = "Memeton", "Memeton\Memeton.csproj", "{D32E8A5D-878A-40BD-8D2B-722E09AFD364}"
EndProject
Project("{FAE04EC0-301F-11D3-BF4B-00C04F79EFBC}") = "State", "State\State.csproj", "{A471B51B-EF68-4DA8-9C9B-84ED49DD37C5}"
EndProject
Project("{FAE04EC0-301F-11D3-BF4B-00C04F79EFBC}") = "Flyweight", "Flyweight\Flyweight.csproj", "{6395D4F9-31A1-4754-A3D4-28553E56E24E}"
EndProject
Project("{FAE04EC0-301F-11D3-BF4B-00C04F79EFBC}") = "Proxy", "Proxy\Proxy.csproj", "{D2F5EB02-8BD0-4DE7-9EFC-B6A0A79C3508}"
EndProject
Global
	GlobalSection(SolutionConfigurationPlatforms) = preSolution
		Debug|Any CPU = Debug|Any CPU
		Release|Any CPU = Release|Any CPU
	EndGlobalSection
	GlobalSection(ProjectConfigurationPlatforms) = postSolution
		{A66D3EA9-0203-46B9-AC8D-194833C77E8D}.Debug|Any CPU.ActiveCfg = Debug|Any CPU
		{A66D3EA9-0203-46B9-AC8D-194833C77E8D}.Debug|Any CPU.Build.0 = Debug|Any CPU
		{A66D3EA9-0203-46B9-AC8D-194833C77E8D}.Release|Any CPU.ActiveCfg = Release|Any CPU
		{A66D3EA9-0203-46B9-AC8D-194833C77E8D}.Release|Any CPU.Build.0 = Release|Any CPU
		{C22F4C7A-FB95-488E-9668-60278730DE08}.Debug|Any CPU.ActiveCfg = Debug|Any CPU
		{C22F4C7A-FB95-488E-9668-60278730DE08}.Debug|Any CPU.Build.0 = Debug|Any CPU
		{C22F4C7A-FB95-488E-9668-60278730DE08}.Release|Any CPU.ActiveCfg = Release|Any CPU
		{C22F4C7A-FB95-488E-9668-60278730DE08}.Release|Any CPU.Build.0 = Release|Any CPU
		{590D7E78-0D0E-4FAF-A958-CEDDF5D6F990}.Debug|Any CPU.ActiveCfg = Debug|Any CPU
		{590D7E78-0D0E-4FAF-A958-CEDDF5D6F990}.Debug|Any CPU.Build.0 = Debug|Any CPU
		{590D7E78-0D0E-4FAF-A958-CEDDF5D6F990}.Release|Any CPU.ActiveCfg = Release|Any CPU
		{590D7E78-0D0E-4FAF-A958-CEDDF5D6F990}.Release|Any CPU.Build.0 = Release|Any CPU
		{80044C8A-77F4-4F52-A12D-CF0F6A523950}.Debug|Any CPU.ActiveCfg = Debug|Any CPU
		{80044C8A-77F4-4F52-A12D-CF0F6A523950}.Debug|Any CPU.Build.0 = Debug|Any CPU
		{80044C8A-77F4-4F52-A12D-CF0F6A523950}.Release|Any CPU.ActiveCfg = Release|Any CPU
		{80044C8A-77F4-4F52-A12D-CF0F6A523950}.Release|Any CPU.Build.0 = Release|Any CPU
		{A04B4134-09B7-4376-8509-74183F279754}.Debug|Any CPU.ActiveCfg = Debug|Any CPU
		{A04B4134-09B7-4376-8509-74183F279754}.Debug|Any CPU.Build.0 = Debug|Any CPU
		{A04B4134-09B7-4376-8509-74183F279754}.Release|Any CPU.ActiveCfg = Release|Any CPU
		{A04B4134-09B7-4376-8509-74183F279754}.Release|Any CPU.Build.0 = Release|Any CPU
		{155F376C-C0DD-4858-9B27-E044D3375BFD}.Debug|Any CPU.ActiveCfg = Debug|Any CPU
		{155F376C-C0DD-4858-9B27-E044D3375BFD}.Debug|Any CPU.Build.0 = Debug|Any CPU
		{155F376C-C0DD-4858-9B27-E044D3375BFD}.Release|Any CPU.ActiveCfg = Release|Any CPU
		{155F376C-C0DD-4858-9B27-E044D3375BFD}.Release|Any CPU.Build.0 = Release|Any CPU
		{7392E4E1-F406-4A0F-9E64-6A2A23AA6A00}.Debug|Any CPU.ActiveCfg = Debug|Any CPU
		{7392E4E1-F406-4A0F-9E64-6A2A23AA6A00}.Debug|Any CPU.Build.0 = Debug|Any CPU
		{7392E4E1-F406-4A0F-9E64-6A2A23AA6A00}.Release|Any CPU.ActiveCfg = Release|Any CPU
		{7392E4E1-F406-4A0F-9E64-6A2A23AA6A00}.Release|Any CPU.Build.0 = Release|Any CPU
		{1DE446BF-2B8D-472A-A7E0-03EED227C27C}.Debug|Any CPU.ActiveCfg = Debug|Any CPU
		{1DE446BF-2B8D-472A-A7E0-03EED227C27C}.Debug|Any CPU.Build.0 = Debug|Any CPU
		{1DE446BF-2B8D-472A-A7E0-03EED227C27C}.Release|Any CPU.ActiveCfg = Release|Any CPU
		{1DE446BF-2B8D-472A-A7E0-03EED227C27C}.Release|Any CPU.Build.0 = Release|Any CPU
		{AE7B2321-E37C-476F-AC58-28AFB888E816}.Debug|Any CPU.ActiveCfg = Debug|Any CPU
		{AE7B2321-E37C-476F-AC58-28AFB888E816}.Debug|Any CPU.Build.0 = Debug|Any CPU
		{AE7B2321-E37C-476F-AC58-28AFB888E816}.Release|Any CPU.ActiveCfg = Release|Any CPU
		{AE7B2321-E37C-476F-AC58-28AFB888E816}.Release|Any CPU.Build.0 = Release|Any CPU
		{6A141002-526E-44F7-BD42-794A7FABAF89}.Debug|Any CPU.ActiveCfg = Debug|Any CPU
		{6A141002-526E-44F7-BD42-794A7FABAF89}.Debug|Any CPU.Build.0 = Debug|Any CPU
		{6A141002-526E-44F7-BD42-794A7FABAF89}.Release|Any CPU.ActiveCfg = Release|Any CPU
		{6A141002-526E-44F7-BD42-794A7FABAF89}.Release|Any CPU.Build.0 = Release|Any CPU
		{C1654099-D08C-41DF-AEB6-1C86683C5BDA}.Debug|Any CPU.ActiveCfg = Debug|Any CPU
		{C1654099-D08C-41DF-AEB6-1C86683C5BDA}.Debug|Any CPU.Build.0 = Debug|Any CPU
		{C1654099-D08C-41DF-AEB6-1C86683C5BDA}.Release|Any CPU.ActiveCfg = Release|Any CPU
		{C1654099-D08C-41DF-AEB6-1C86683C5BDA}.Release|Any CPU.Build.0 = Release|Any CPU
		{660F2F85-A412-40D7-8AD0-82C2BA6180BC}.Debug|Any CPU.ActiveCfg = Debug|Any CPU
		{660F2F85-A412-40D7-8AD0-82C2BA6180BC}.Debug|Any CPU.Build.0 = Debug|Any CPU
		{660F2F85-A412-40D7-8AD0-82C2BA6180BC}.Release|Any CPU.ActiveCfg = Release|Any CPU
		{660F2F85-A412-40D7-8AD0-82C2BA6180BC}.Release|Any CPU.Build.0 = Release|Any CPU
		{6255CCA6-34DC-4A51-9D37-7B4E05FEE0E3}.Debug|Any CPU.ActiveCfg = Debug|Any CPU
		{6255CCA6-34DC-4A51-9D37-7B4E05FEE0E3}.Debug|Any CPU.Build.0 = Debug|Any CPU
		{6255CCA6-34DC-4A51-9D37-7B4E05FEE0E3}.Release|Any CPU.ActiveCfg = Release|Any CPU
		{6255CCA6-34DC-4A51-9D37-7B4E05FEE0E3}.Release|Any CPU.Build.0 = Release|Any CPU
		{CE38260B-97F5-4401-B7EB-4BAEB3E1D09F}.Debug|Any CPU.ActiveCfg = Debug|Any CPU
		{CE38260B-97F5-4401-B7EB-4BAEB3E1D09F}.Debug|Any CPU.Build.0 = Debug|Any CPU
		{CE38260B-97F5-4401-B7EB-4BAEB3E1D09F}.Release|Any CPU.ActiveCfg = Release|Any CPU
		{CE38260B-97F5-4401-B7EB-4BAEB3E1D09F}.Release|Any CPU.Build.0 = Release|Any CPU
		{DA48F41D-C7D1-4099-BB9A-F0B482B558CC}.Debug|Any CPU.ActiveCfg = Debug|Any CPU
		{DA48F41D-C7D1-4099-BB9A-F0B482B558CC}.Debug|Any CPU.Build.0 = Debug|Any CPU
		{DA48F41D-C7D1-4099-BB9A-F0B482B558CC}.Release|Any CPU.ActiveCfg = Release|Any CPU
		{DA48F41D-C7D1-4099-BB9A-F0B482B558CC}.Release|Any CPU.Build.0 = Release|Any CPU
		{93230430-8477-44D8-9B3A-334FE21A7904}.Debug|Any CPU.ActiveCfg = Debug|Any CPU
		{93230430-8477-44D8-9B3A-334FE21A7904}.Debug|Any CPU.Build.0 = Debug|Any CPU
		{93230430-8477-44D8-9B3A-334FE21A7904}.Release|Any CPU.ActiveCfg = Release|Any CPU
		{93230430-8477-44D8-9B3A-334FE21A7904}.Release|Any CPU.Build.0 = Release|Any CPU
		{F8B1959A-2691-42A5-A10B-BF773D870E49}.Debug|Any CPU.ActiveCfg = Debug|Any CPU
		{F8B1959A-2691-42A5-A10B-BF773D870E49}.Debug|Any CPU.Build.0 = Debug|Any CPU
		{F8B1959A-2691-42A5-A10B-BF773D870E49}.Release|Any CPU.ActiveCfg = Release|Any CPU
		{F8B1959A-2691-42A5-A10B-BF773D870E49}.Release|Any CPU.Build.0 = Release|Any CPU
		{CD8B461A-49E5-4306-922A-E854B349A33D}.Debug|Any CPU.ActiveCfg = Debug|Any CPU
		{CD8B461A-49E5-4306-922A-E854B349A33D}.Debug|Any CPU.Build.0 = Debug|Any CPU
		{CD8B461A-49E5-4306-922A-E854B349A33D}.Release|Any CPU.ActiveCfg = Release|Any CPU
		{CD8B461A-49E5-4306-922A-E854B349A33D}.Release|Any CPU.Build.0 = Release|Any CPU
		{D32E8A5D-878A-40BD-8D2B-722E09AFD364}.Debug|Any CPU.ActiveCfg = Debug|Any CPU
		{D32E8A5D-878A-40BD-8D2B-722E09AFD364}.Debug|Any CPU.Build.0 = Debug|Any CPU
		{D32E8A5D-878A-40BD-8D2B-722E09AFD364}.Release|Any CPU.ActiveCfg = Release|Any CPU
		{D32E8A5D-878A-40BD-8D2B-722E09AFD364}.Release|Any CPU.Build.0 = Release|Any CPU
		{A471B51B-EF68-4DA8-9C9B-84ED49DD37C5}.Debug|Any CPU.ActiveCfg = Debug|Any CPU
		{A471B51B-EF68-4DA8-9C9B-84ED49DD37C5}.Debug|Any CPU.Build.0 = Debug|Any CPU
		{A471B51B-EF68-4DA8-9C9B-84ED49DD37C5}.Release|Any CPU.ActiveCfg = Release|Any CPU
		{A471B51B-EF68-4DA8-9C9B-84ED49DD37C5}.Release|Any CPU.Build.0 = Release|Any CPU
		{6395D4F9-31A1-4754-A3D4-28553E56E24E}.Debug|Any CPU.ActiveCfg = Debug|Any CPU
		{6395D4F9-31A1-4754-A3D4-28553E56E24E}.Debug|Any CPU.Build.0 = Debug|Any CPU
		{6395D4F9-31A1-4754-A3D4-28553E56E24E}.Release|Any CPU.ActiveCfg = Release|Any CPU
		{6395D4F9-31A1-4754-A3D4-28553E56E24E}.Release|Any CPU.Build.0 = Release|Any CPU
		{D2F5EB02-8BD0-4DE7-9EFC-B6A0A79C3508}.Debug|Any CPU.ActiveCfg = Debug|Any CPU
		{D2F5EB02-8BD0-4DE7-9EFC-B6A0A79C3508}.Debug|Any CPU.Build.0 = Debug|Any CPU
		{D2F5EB02-8BD0-4DE7-9EFC-B6A0A79C3508}.Release|Any CPU.ActiveCfg = Release|Any CPU
		{D2F5EB02-8BD0-4DE7-9EFC-B6A0A79C3508}.Release|Any CPU.Build.0 = Release|Any CPU
	EndGlobalSection
	GlobalSection(SolutionProperties) = preSolution
		HideSolutionNode = FALSE
	EndGlobalSection
	GlobalSection(NestedProjects) = preSolution
		{C22F4C7A-FB95-488E-9668-60278730DE08} = {761E82AE-CC01-4A20-9899-32E4CFC88E42}
	EndGlobalSection
	GlobalSection(ExtensibilityGlobals) = postSolution
		SolutionGuid = {3FB42E5E-0072-4B99-97E2-8D1A5F88BAC3}
	EndGlobalSection
EndGlobal
